# This file is autogenerated, do not edit; changes may be undone by the next 'dep ensure'.


[[projects]]
  name = "github.com/ziutek/glib"
  packages = ["."]
  revision = "a43f7a959840d59c29cce9a39174415f19d61096"

[[projects]]
  name = "github.com/ziutek/gst"
  packages = ["."]
  revision = "7d16e692318bf950d4eee95a008ae252adca4a65"

[solve-meta]
  analyzer-name = "dep"
  analyzer-version = 1
  inputs-digest = "5899b2d7d74786df85ffd71d2dc47ab418118ad2d5b2dc72534763788bfdd80b"
  solver-name = "gps-cdcl"
  solver-version = 1
