# This file is autogenerated, do not edit; changes may be undone by the next 'dep ensure'.


[[projects]]
  branch = "master"
  name = "github.com/ziutek/glib"
  packages = ["."]
  revision = "a43f7a959840d59c29cce9a39174415f19d61096"

[[projects]]
  branch = "master"
  name = "github.com/ziutek/gst"
  packages = ["."]
  revision = "7d16e692318bf950d4eee95a008ae252adca4a65"

[solve-meta]
  analyzer-name = "dep"
  analyzer-version = 1
  inputs-digest = "0ec94f8986fbf186fc0daff5199e0884bda6f8a24a28e887df57e6d4ac54eb96"
  solver-name = "gps-cdcl"
  solver-version = 1
